<?xml version="1.0" encoding="UTF-8"?>
<Project ToolsVersion="14.0" xmlns="http://schemas.microsoft.com/developer/msbuild/2003">
  <ItemGroup>
    <ClCompile Include="D:\DAE\2DAE\Libraries\JsonBox-master\examples\main.cpp">
      <Filter>Source Files</Filter>
    </ClCompile>
  </ItemGroup>
  <ItemGroup>
    <CustomBuild Include="D:\DAE\2DAE\Libraries\JsonBox-master\CMakeLists.txt" />
  </ItemGroup>
  <ItemGroup>
    <Filter Include="Source Files">
      <UniqueIdentifier>{713ABB39-3BC8-3333-93ED-274929A16AE9}</UniqueIdentifier>
    </Filter>
  </ItemGroup>
</Project>
